
Microsoft Visual Studio Solution File, Format Version 12.00
# Visual Studio Version 16
VisualStudioVersion = 16.0.29503.13
MinimumVisualStudioVersion = 10.0.40219.1
Project("{2150E333-8FDC-42A3-9474-1A3956D46DE8}") = "root", "root", "{F23EF90C-E980-4827-8107-6FAC6F1B24EF}"
	ProjectSection(SolutionItems) = preProject
		.gitignore = .gitignore
		.version = .version
		build.bat = build.bat
		changelog.txt = changelog.txt
		Conari.nuspec = Conari.nuspec
		LICENSE = LICENSE
		packages.config = packages.config
		Readme.md = Readme.md
	EndProjectSection
EndProject
Project("{9A19103F-16F7-4668-BE54-9A1E7A4F7556}") = "Conari", "Conari\Conari.csproj", "{27152FD4-7B94-4AF0-A7ED-BE7E7A196D57}"
EndProject
Project("{9A19103F-16F7-4668-BE54-9A1E7A4F7556}") = "ConariTest", "ConariTest\ConariTest.csproj", "{0AEEC49E-07A5-4A55-9673-9346C3A7BC03}"
	ProjectSection(ProjectDependencies) = postProject
		{CC2B5ECA-0D15-4BC8-A779-C6013FA0A11B} = {CC2B5ECA-0D15-4BC8-A779-C6013FA0A11B}
	EndProjectSection
EndProject
Project("{9A19103F-16F7-4668-BE54-9A1E7A4F7556}") = "GenDelegates", "GenDelegates\GenDelegates.csproj", "{40CCC613-93D0-4F80-A99B-36112BD5D815}"
EndProject
Project("{8BC9CEB8-8B4A-11D0-8D11-00A0C91BC942}") = "UnLib", "UnLib\UnLib.vcxproj", "{CC2B5ECA-0D15-4BC8-A779-C6013FA0A11B}"
EndProject
Project("{2150E333-8FDC-42A3-9474-1A3956D46DE8}") = "tools", "tools", "{22D2B796-CD0B-4253-B0BC-316374D90F71}"
	ProjectSection(SolutionItems) = preProject
		tools\gnt.bat = tools\gnt.bat
		tools\hMSBuild.bat = tools\hMSBuild.bat
	EndProjectSection
EndProject
Project("{9A19103F-16F7-4668-BE54-9A1E7A4F7556}") = "TCharPtrTest", "ConariTest\TCharPtrTest.csproj", "{B26A0865-3AAC-4855-ACEA-F92DABD8C2BF}"
	ProjectSection(ProjectDependencies) = postProject
		{CC2B5ECA-0D15-4BC8-A779-C6013FA0A11B} = {CC2B5ECA-0D15-4BC8-A779-C6013FA0A11B}
	EndProjectSection
EndProject
Global
	GlobalSection(SolutionConfigurationPlatforms) = preSolution
		Debug|Any CPU = Debug|Any CPU
		Debug|Win32 = Debug|Win32
		Debug|x64 = Debug|x64
		Debug|x86 = Debug|x86
		PublicRelease|Any CPU = PublicRelease|Any CPU
		PublicRelease|Win32 = PublicRelease|Win32
		PublicRelease|x64 = PublicRelease|x64
		PublicRelease|x86 = PublicRelease|x86
		Release|Any CPU = Release|Any CPU
		Release|Win32 = Release|Win32
		Release|x64 = Release|x64
		Release|x86 = Release|x86
	EndGlobalSection
	GlobalSection(ProjectConfigurationPlatforms) = postSolution
		{27152FD4-7B94-4AF0-A7ED-BE7E7A196D57}.Debug|Any CPU.ActiveCfg = Debug|Any CPU
		{27152FD4-7B94-4AF0-A7ED-BE7E7A196D57}.Debug|Any CPU.Build.0 = Debug|Any CPU
		{27152FD4-7B94-4AF0-A7ED-BE7E7A196D57}.Debug|Win32.ActiveCfg = Debug|Any CPU
		{27152FD4-7B94-4AF0-A7ED-BE7E7A196D57}.Debug|Win32.Build.0 = Debug|Any CPU
		{27152FD4-7B94-4AF0-A7ED-BE7E7A196D57}.Debug|x64.ActiveCfg = Debug|Any CPU
		{27152FD4-7B94-4AF0-A7ED-BE7E7A196D57}.Debug|x64.Build.0 = Debug|Any CPU
		{27152FD4-7B94-4AF0-A7ED-BE7E7A196D57}.Debug|x86.ActiveCfg = Debug|Any CPU
		{27152FD4-7B94-4AF0-A7ED-BE7E7A196D57}.Debug|x86.Build.0 = Debug|Any CPU
		{27152FD4-7B94-4AF0-A7ED-BE7E7A196D57}.PublicRelease|Any CPU.ActiveCfg = Release|Any CPU
		{27152FD4-7B94-4AF0-A7ED-BE7E7A196D57}.PublicRelease|Any CPU.Build.0 = Release|Any CPU
		{27152FD4-7B94-4AF0-A7ED-BE7E7A196D57}.PublicRelease|Win32.ActiveCfg = Release|Any CPU
		{27152FD4-7B94-4AF0-A7ED-BE7E7A196D57}.PublicRelease|Win32.Build.0 = Release|Any CPU
		{27152FD4-7B94-4AF0-A7ED-BE7E7A196D57}.PublicRelease|x64.ActiveCfg = Release|Any CPU
		{27152FD4-7B94-4AF0-A7ED-BE7E7A196D57}.PublicRelease|x64.Build.0 = Release|Any CPU
		{27152FD4-7B94-4AF0-A7ED-BE7E7A196D57}.PublicRelease|x86.ActiveCfg = Release|Any CPU
		{27152FD4-7B94-4AF0-A7ED-BE7E7A196D57}.PublicRelease|x86.Build.0 = Release|Any CPU
		{27152FD4-7B94-4AF0-A7ED-BE7E7A196D57}.Release|Any CPU.ActiveCfg = Release|Any CPU
		{27152FD4-7B94-4AF0-A7ED-BE7E7A196D57}.Release|Any CPU.Build.0 = Release|Any CPU
		{27152FD4-7B94-4AF0-A7ED-BE7E7A196D57}.Release|Win32.ActiveCfg = Release|Any CPU
		{27152FD4-7B94-4AF0-A7ED-BE7E7A196D57}.Release|Win32.Build.0 = Release|Any CPU
		{27152FD4-7B94-4AF0-A7ED-BE7E7A196D57}.Release|x64.ActiveCfg = Release|Any CPU
		{27152FD4-7B94-4AF0-A7ED-BE7E7A196D57}.Release|x64.Build.0 = Release|Any CPU
		{27152FD4-7B94-4AF0-A7ED-BE7E7A196D57}.Release|x86.ActiveCfg = Release|Any CPU
		{27152FD4-7B94-4AF0-A7ED-BE7E7A196D57}.Release|x86.Build.0 = Release|Any CPU
		{0AEEC49E-07A5-4A55-9673-9346C3A7BC03}.Debug|Any CPU.ActiveCfg = Debug|Any CPU
		{0AEEC49E-07A5-4A55-9673-9346C3A7BC03}.Debug|Any CPU.Build.0 = Debug|Any CPU
		{0AEEC49E-07A5-4A55-9673-9346C3A7BC03}.Debug|Win32.ActiveCfg = Debug|Any CPU
		{0AEEC49E-07A5-4A55-9673-9346C3A7BC03}.Debug|Win32.Build.0 = Debug|Any CPU
		{0AEEC49E-07A5-4A55-9673-9346C3A7BC03}.Debug|x64.ActiveCfg = Debug|Any CPU
		{0AEEC49E-07A5-4A55-9673-9346C3A7BC03}.Debug|x64.Build.0 = Debug|Any CPU
		{0AEEC49E-07A5-4A55-9673-9346C3A7BC03}.Debug|x86.ActiveCfg = Debug|Any CPU
		{0AEEC49E-07A5-4A55-9673-9346C3A7BC03}.Debug|x86.Build.0 = Debug|Any CPU
		{0AEEC49E-07A5-4A55-9673-9346C3A7BC03}.PublicRelease|Any CPU.ActiveCfg = Release|Any CPU
		{0AEEC49E-07A5-4A55-9673-9346C3A7BC03}.PublicRelease|Any CPU.Build.0 = Release|Any CPU
		{0AEEC49E-07A5-4A55-9673-9346C3A7BC03}.PublicRelease|Win32.ActiveCfg = Release|Any CPU
		{0AEEC49E-07A5-4A55-9673-9346C3A7BC03}.PublicRelease|Win32.Build.0 = Release|Any CPU
		{0AEEC49E-07A5-4A55-9673-9346C3A7BC03}.PublicRelease|x64.ActiveCfg = Release|Any CPU
		{0AEEC49E-07A5-4A55-9673-9346C3A7BC03}.PublicRelease|x64.Build.0 = Release|Any CPU
		{0AEEC49E-07A5-4A55-9673-9346C3A7BC03}.PublicRelease|x86.ActiveCfg = Release|Any CPU
		{0AEEC49E-07A5-4A55-9673-9346C3A7BC03}.PublicRelease|x86.Build.0 = Release|Any CPU
		{0AEEC49E-07A5-4A55-9673-9346C3A7BC03}.Release|Any CPU.ActiveCfg = Release|Any CPU
		{0AEEC49E-07A5-4A55-9673-9346C3A7BC03}.Release|Any CPU.Build.0 = Release|Any CPU
		{0AEEC49E-07A5-4A55-9673-9346C3A7BC03}.Release|Win32.ActiveCfg = Release|Any CPU
		{0AEEC49E-07A5-4A55-9673-9346C3A7BC03}.Release|Win32.Build.0 = Release|Any CPU
		{0AEEC49E-07A5-4A55-9673-9346C3A7BC03}.Release|x64.ActiveCfg = Release|Any CPU
		{0AEEC49E-07A5-4A55-9673-9346C3A7BC03}.Release|x64.Build.0 = Release|Any CPU
		{0AEEC49E-07A5-4A55-9673-9346C3A7BC03}.Release|x86.ActiveCfg = Release|Any CPU
		{0AEEC49E-07A5-4A55-9673-9346C3A7BC03}.Release|x86.Build.0 = Release|Any CPU
		{40CCC613-93D0-4F80-A99B-36112BD5D815}.Debug|Any CPU.ActiveCfg = Debug|Any CPU
		{40CCC613-93D0-4F80-A99B-36112BD5D815}.Debug|Any CPU.Build.0 = Debug|Any CPU
		{40CCC613-93D0-4F80-A99B-36112BD5D815}.Debug|Win32.ActiveCfg = Debug|Any CPU
		{40CCC613-93D0-4F80-A99B-36112BD5D815}.Debug|Win32.Build.0 = Debug|Any CPU
		{40CCC613-93D0-4F80-A99B-36112BD5D815}.Debug|x64.ActiveCfg = Debug|Any CPU
		{40CCC613-93D0-4F80-A99B-36112BD5D815}.Debug|x64.Build.0 = Debug|Any CPU
		{40CCC613-93D0-4F80-A99B-36112BD5D815}.Debug|x86.ActiveCfg = Debug|Any CPU
		{40CCC613-93D0-4F80-A99B-36112BD5D815}.Debug|x86.Build.0 = Debug|Any CPU
		{40CCC613-93D0-4F80-A99B-36112BD5D815}.PublicRelease|Any CPU.ActiveCfg = Release|Any CPU
		{40CCC613-93D0-4F80-A99B-36112BD5D815}.PublicRelease|Any CPU.Build.0 = Release|Any CPU
		{40CCC613-93D0-4F80-A99B-36112BD5D815}.PublicRelease|Win32.ActiveCfg = Release|Any CPU
		{40CCC613-93D0-4F80-A99B-36112BD5D815}.PublicRelease|Win32.Build.0 = Release|Any CPU
		{40CCC613-93D0-4F80-A99B-36112BD5D815}.PublicRelease|x64.ActiveCfg = Release|Any CPU
		{40CCC613-93D0-4F80-A99B-36112BD5D815}.PublicRelease|x64.Build.0 = Release|Any CPU
		{40CCC613-93D0-4F80-A99B-36112BD5D815}.PublicRelease|x86.ActiveCfg = Release|Any CPU
		{40CCC613-93D0-4F80-A99B-36112BD5D815}.PublicRelease|x86.Build.0 = Release|Any CPU
		{40CCC613-93D0-4F80-A99B-36112BD5D815}.Release|Any CPU.ActiveCfg = Release|Any CPU
		{40CCC613-93D0-4F80-A99B-36112BD5D815}.Release|Any CPU.Build.0 = Release|Any CPU
		{40CCC613-93D0-4F80-A99B-36112BD5D815}.Release|Win32.ActiveCfg = Release|Any CPU
		{40CCC613-93D0-4F80-A99B-36112BD5D815}.Release|Win32.Build.0 = Release|Any CPU
		{40CCC613-93D0-4F80-A99B-36112BD5D815}.Release|x64.ActiveCfg = Release|Any CPU
		{40CCC613-93D0-4F80-A99B-36112BD5D815}.Release|x64.Build.0 = Release|Any CPU
		{40CCC613-93D0-4F80-A99B-36112BD5D815}.Release|x86.ActiveCfg = Release|Any CPU
		{40CCC613-93D0-4F80-A99B-36112BD5D815}.Release|x86.Build.0 = Release|Any CPU
		{CC2B5ECA-0D15-4BC8-A779-C6013FA0A11B}.Debug|Any CPU.ActiveCfg = Debug|x64
		{CC2B5ECA-0D15-4BC8-A779-C6013FA0A11B}.Debug|Any CPU.Build.0 = Debug|x64
		{CC2B5ECA-0D15-4BC8-A779-C6013FA0A11B}.Debug|Win32.ActiveCfg = Debug|Win32
		{CC2B5ECA-0D15-4BC8-A779-C6013FA0A11B}.Debug|Win32.Build.0 = Debug|Win32
		{CC2B5ECA-0D15-4BC8-A779-C6013FA0A11B}.Debug|x64.ActiveCfg = Debug|x64
		{CC2B5ECA-0D15-4BC8-A779-C6013FA0A11B}.Debug|x64.Build.0 = Debug|x64
		{CC2B5ECA-0D15-4BC8-A779-C6013FA0A11B}.Debug|x86.ActiveCfg = Debug|Win32
		{CC2B5ECA-0D15-4BC8-A779-C6013FA0A11B}.Debug|x86.Build.0 = Debug|Win32
		{CC2B5ECA-0D15-4BC8-A779-C6013FA0A11B}.PublicRelease|Any CPU.ActiveCfg = Release|x64
		{CC2B5ECA-0D15-4BC8-A779-C6013FA0A11B}.PublicRelease|Any CPU.Build.0 = Release|x64
		{CC2B5ECA-0D15-4BC8-A779-C6013FA0A11B}.PublicRelease|Win32.ActiveCfg = Release|Win32
		{CC2B5ECA-0D15-4BC8-A779-C6013FA0A11B}.PublicRelease|Win32.Build.0 = Release|Win32
		{CC2B5ECA-0D15-4BC8-A779-C6013FA0A11B}.PublicRelease|x64.ActiveCfg = Release|x64
		{CC2B5ECA-0D15-4BC8-A779-C6013FA0A11B}.PublicRelease|x64.Build.0 = Release|x64
		{CC2B5ECA-0D15-4BC8-A779-C6013FA0A11B}.PublicRelease|x86.ActiveCfg = Release|Win32
		{CC2B5ECA-0D15-4BC8-A779-C6013FA0A11B}.PublicRelease|x86.Build.0 = Release|Win32
		{CC2B5ECA-0D15-4BC8-A779-C6013FA0A11B}.Release|Any CPU.ActiveCfg = Release|x64
		{CC2B5ECA-0D15-4BC8-A779-C6013FA0A11B}.Release|Any CPU.Build.0 = Release|x64
		{CC2B5ECA-0D15-4BC8-A779-C6013FA0A11B}.Release|Win32.ActiveCfg = Release|Win32
		{CC2B5ECA-0D15-4BC8-A779-C6013FA0A11B}.Release|Win32.Build.0 = Release|Win32
		{CC2B5ECA-0D15-4BC8-A779-C6013FA0A11B}.Release|x64.ActiveCfg = Release|x64
		{CC2B5ECA-0D15-4BC8-A779-C6013FA0A11B}.Release|x64.Build.0 = Release|x64
		{CC2B5ECA-0D15-4BC8-A779-C6013FA0A11B}.Release|x86.ActiveCfg = Release|Win32
		{CC2B5ECA-0D15-4BC8-A779-C6013FA0A11B}.Release|x86.Build.0 = Release|Win32
		{B26A0865-3AAC-4855-ACEA-F92DABD8C2BF}.Debug|Any CPU.ActiveCfg = Debug|Any CPU
		{B26A0865-3AAC-4855-ACEA-F92DABD8C2BF}.Debug|Any CPU.Build.0 = Debug|Any CPU
		{B26A0865-3AAC-4855-ACEA-F92DABD8C2BF}.Debug|Win32.ActiveCfg = Debug|Any CPU
		{B26A0865-3AAC-4855-ACEA-F92DABD8C2BF}.Debug|Win32.Build.0 = Debug|Any CPU
		{B26A0865-3AAC-4855-ACEA-F92DABD8C2BF}.Debug|x64.ActiveCfg = Debug|Any CPU
		{B26A0865-3AAC-4855-ACEA-F92DABD8C2BF}.Debug|x64.Build.0 = Debug|Any CPU
		{B26A0865-3AAC-4855-ACEA-F92DABD8C2BF}.Debug|x86.ActiveCfg = Debug|Any CPU
		{B26A0865-3AAC-4855-ACEA-F92DABD8C2BF}.Debug|x86.Build.0 = Debug|Any CPU
		{B26A0865-3AAC-4855-ACEA-F92DABD8C2BF}.PublicRelease|Any CPU.ActiveCfg = Release|Any CPU
		{B26A0865-3AAC-4855-ACEA-F92DABD8C2BF}.PublicRelease|Any CPU.Build.0 = Release|Any CPU
		{B26A0865-3AAC-4855-ACEA-F92DABD8C2BF}.PublicRelease|Win32.ActiveCfg = Release|Any CPU
		{B26A0865-3AAC-4855-ACEA-F92DABD8C2BF}.PublicRelease|Win32.Build.0 = Release|Any CPU
		{B26A0865-3AAC-4855-ACEA-F92DABD8C2BF}.PublicRelease|x64.ActiveCfg = Release|Any CPU
		{B26A0865-3AAC-4855-ACEA-F92DABD8C2BF}.PublicRelease|x64.Build.0 = Release|Any CPU
		{B26A0865-3AAC-4855-ACEA-F92DABD8C2BF}.PublicRelease|x86.ActiveCfg = Release|Any CPU
		{B26A0865-3AAC-4855-ACEA-F92DABD8C2BF}.PublicRelease|x86.Build.0 = Release|Any CPU
		{B26A0865-3AAC-4855-ACEA-F92DABD8C2BF}.Release|Any CPU.ActiveCfg = Release|Any CPU
		{B26A0865-3AAC-4855-ACEA-F92DABD8C2BF}.Release|Any CPU.Build.0 = Release|Any CPU
		{B26A0865-3AAC-4855-ACEA-F92DABD8C2BF}.Release|Win32.ActiveCfg = Release|Any CPU
		{B26A0865-3AAC-4855-ACEA-F92DABD8C2BF}.Release|Win32.Build.0 = Release|Any CPU
		{B26A0865-3AAC-4855-ACEA-F92DABD8C2BF}.Release|x64.ActiveCfg = Release|Any CPU
		{B26A0865-3AAC-4855-ACEA-F92DABD8C2BF}.Release|x64.Build.0 = Release|Any CPU
		{B26A0865-3AAC-4855-ACEA-F92DABD8C2BF}.Release|x86.ActiveCfg = Release|Any CPU
		{B26A0865-3AAC-4855-ACEA-F92DABD8C2BF}.Release|x86.Build.0 = Release|Any CPU
	EndGlobalSection
	GlobalSection(SolutionProperties) = preSolution
		HideSolutionNode = FALSE
	EndGlobalSection
	GlobalSection(ExtensibilityGlobals) = postSolution
		SolutionGuid = {DF66F8FA-D7CE-44F3-A431-F1548AE77BAE}
	EndGlobalSection
EndGlobal
